
Microsoft Visual Studio Solution File, Format Version 12.00
# Visual Studio 2013
VisualStudioVersion = 12.0.21005.1
MinimumVisualStudioVersion = 10.0.40219.1
Project("{FAE04EC0-301F-11D3-BF4B-00C04F79EFBC}") = "GoService.Web", "GoService.Web\GoService.Web.csproj", "{ACF59481-67FC-4FB7-8B74-87C98DB2CB51}"
EndProject
Global
	GlobalSection(SolutionConfigurationPlatforms) = preSolution
		Debug|Any CPU = Debug|Any CPU
		Release|Any CPU = Release|Any CPU
	EndGlobalSection
	GlobalSection(ProjectConfigurationPlatforms) = postSolution
		{ACF59481-67FC-4FB7-8B74-87C98DB2CB51}.Debug|Any CPU.ActiveCfg = Debug|Any CPU
		{ACF59481-67FC-4FB7-8B74-87C98DB2CB51}.Debug|Any CPU.Build.0 = Debug|Any CPU
		{ACF59481-67FC-4FB7-8B74-87C98DB2CB51}.Release|Any CPU.ActiveCfg = Release|Any CPU
		{ACF59481-67FC-4FB7-8B74-87C98DB2CB51}.Release|Any CPU.Build.0 = Release|Any CPU
	EndGlobalSection
	GlobalSection(SolutionProperties) = preSolution
		HideSolutionNode = FALSE
	EndGlobalSection
EndGlobal
